Microsoft Visual Studio Solution File, Format Version 12.00
# Visual Studio Version 17
VisualStudioVersion = 17.5.2.0
MinimumVisualStudioVersion = 10.0.40219.1
Project("{FAE04EC0-301F-11D3-BF4B-00C04F79EFBC}") = "Ejercicio2_3", "Ejercicio2_3.csproj", "{FBD7091B-48E0-5C91-1A66-26CDD5A3AF3D}"
EndProject
Global
	GlobalSection(SolutionConfigurationPlatforms) = preSolution
		Debug|Any CPU = Debug|Any CPU
		Release|Any CPU = Release|Any CPU
	EndGlobalSection
	GlobalSection(ProjectConfigurationPlatforms) = postSolution
		{FBD7091B-48E0-5C91-1A66-26CDD5A3AF3D}.Debug|Any CPU.ActiveCfg = Debug|Any CPU
		{FBD7091B-48E0-5C91-1A66-26CDD5A3AF3D}.Debug|Any CPU.Build.0 = Debug|Any CPU
		{FBD7091B-48E0-5C91-1A66-26CDD5A3AF3D}.Release|Any CPU.ActiveCfg = Release|Any CPU
		{FBD7091B-48E0-5C91-1A66-26CDD5A3AF3D}.Release|Any CPU.Build.0 = Release|Any CPU
	EndGlobalSection
	GlobalSection(SolutionProperties) = preSolution
		HideSolutionNode = FALSE
	EndGlobalSection
	GlobalSection(ExtensibilityGlobals) = postSolution
		SolutionGuid = {BD7CE141-9DB6-46FB-86FA-99C97FBAF54F}
	EndGlobalSection
EndGlobal
