Microsoft Visual Studio Solution File, Format Version 12.00
# Visual Studio Version 17
VisualStudioVersion = 17.5.2.0
MinimumVisualStudioVersion = 10.0.40219.1
Project("{FAE04EC0-301F-11D3-BF4B-00C04F79EFBC}") = "Ejercicio3_4", "Ejercicio3_4.csproj", "{53308E77-17CB-9335-FB07-B391D40FC111}"
EndProject
Global
	GlobalSection(SolutionConfigurationPlatforms) = preSolution
		Debug|Any CPU = Debug|Any CPU
		Release|Any CPU = Release|Any CPU
	EndGlobalSection
	GlobalSection(ProjectConfigurationPlatforms) = postSolution
		{53308E77-17CB-9335-FB07-B391D40FC111}.Debug|Any CPU.ActiveCfg = Debug|Any CPU
		{53308E77-17CB-9335-FB07-B391D40FC111}.Debug|Any CPU.Build.0 = Debug|Any CPU
		{53308E77-17CB-9335-FB07-B391D40FC111}.Release|Any CPU.ActiveCfg = Release|Any CPU
		{53308E77-17CB-9335-FB07-B391D40FC111}.Release|Any CPU.Build.0 = Release|Any CPU
	EndGlobalSection
	GlobalSection(SolutionProperties) = preSolution
		HideSolutionNode = FALSE
	EndGlobalSection
	GlobalSection(ExtensibilityGlobals) = postSolution
		SolutionGuid = {D2904EAF-1504-4B19-A746-3E3E3A1F99FD}
	EndGlobalSection
EndGlobal
