Microsoft Visual Studio Solution File, Format Version 12.00
# Visual Studio Version 17
VisualStudioVersion = 17.5.2.0
MinimumVisualStudioVersion = 10.0.40219.1
Project("{FAE04EC0-301F-11D3-BF4B-00C04F79EFBC}") = "Ejercicio1_4", "Ejercicio1_4.csproj", "{24DBB40D-D9A2-6CF2-CA19-17FAD1E37308}"
EndProject
Global
	GlobalSection(SolutionConfigurationPlatforms) = preSolution
		Debug|Any CPU = Debug|Any CPU
		Release|Any CPU = Release|Any CPU
	EndGlobalSection
	GlobalSection(ProjectConfigurationPlatforms) = postSolution
		{24DBB40D-D9A2-6CF2-CA19-17FAD1E37308}.Debug|Any CPU.ActiveCfg = Debug|Any CPU
		{24DBB40D-D9A2-6CF2-CA19-17FAD1E37308}.Debug|Any CPU.Build.0 = Debug|Any CPU
		{24DBB40D-D9A2-6CF2-CA19-17FAD1E37308}.Release|Any CPU.ActiveCfg = Release|Any CPU
		{24DBB40D-D9A2-6CF2-CA19-17FAD1E37308}.Release|Any CPU.Build.0 = Release|Any CPU
	EndGlobalSection
	GlobalSection(SolutionProperties) = preSolution
		HideSolutionNode = FALSE
	EndGlobalSection
	GlobalSection(ExtensibilityGlobals) = postSolution
		SolutionGuid = {C88C79F3-79AF-42C6-8A1A-480548D533CD}
	EndGlobalSection
EndGlobal
