Microsoft Visual Studio Solution File, Format Version 12.00
# Visual Studio Version 17
VisualStudioVersion = 17.5.2.0
MinimumVisualStudioVersion = 10.0.40219.1
Project("{FAE04EC0-301F-11D3-BF4B-00C04F79EFBC}") = "Ejercicio2_4", "Ejercicio2_4.csproj", "{68C5D3C2-5016-05BF-A4B0-B75D36E113F7}"
EndProject
Global
	GlobalSection(SolutionConfigurationPlatforms) = preSolution
		Debug|Any CPU = Debug|Any CPU
		Release|Any CPU = Release|Any CPU
	EndGlobalSection
	GlobalSection(ProjectConfigurationPlatforms) = postSolution
		{68C5D3C2-5016-05BF-A4B0-B75D36E113F7}.Debug|Any CPU.ActiveCfg = Debug|Any CPU
		{68C5D3C2-5016-05BF-A4B0-B75D36E113F7}.Debug|Any CPU.Build.0 = Debug|Any CPU
		{68C5D3C2-5016-05BF-A4B0-B75D36E113F7}.Release|Any CPU.ActiveCfg = Release|Any CPU
		{68C5D3C2-5016-05BF-A4B0-B75D36E113F7}.Release|Any CPU.Build.0 = Release|Any CPU
	EndGlobalSection
	GlobalSection(SolutionProperties) = preSolution
		HideSolutionNode = FALSE
	EndGlobalSection
	GlobalSection(ExtensibilityGlobals) = postSolution
		SolutionGuid = {56BF04EC-51A7-4EB4-BD14-ED4EEB8C8155}
	EndGlobalSection
EndGlobal
