Microsoft Visual Studio Solution File, Format Version 12.00
# Visual Studio Version 17
VisualStudioVersion = 17.5.2.0
MinimumVisualStudioVersion = 10.0.40219.1
Project("{FAE04EC0-301F-11D3-BF4B-00C04F79EFBC}") = "Ejercicio3_1", "Ejercicio3_1.csproj", "{8C9BAD3B-FE60-0C04-6F38-063A0386A1A3}"
EndProject
Global
	GlobalSection(SolutionConfigurationPlatforms) = preSolution
		Debug|Any CPU = Debug|Any CPU
		Release|Any CPU = Release|Any CPU
	EndGlobalSection
	GlobalSection(ProjectConfigurationPlatforms) = postSolution
		{8C9BAD3B-FE60-0C04-6F38-063A0386A1A3}.Debug|Any CPU.ActiveCfg = Debug|Any CPU
		{8C9BAD3B-FE60-0C04-6F38-063A0386A1A3}.Debug|Any CPU.Build.0 = Debug|Any CPU
		{8C9BAD3B-FE60-0C04-6F38-063A0386A1A3}.Release|Any CPU.ActiveCfg = Release|Any CPU
		{8C9BAD3B-FE60-0C04-6F38-063A0386A1A3}.Release|Any CPU.Build.0 = Release|Any CPU
	EndGlobalSection
	GlobalSection(SolutionProperties) = preSolution
		HideSolutionNode = FALSE
	EndGlobalSection
	GlobalSection(ExtensibilityGlobals) = postSolution
		SolutionGuid = {5D273733-4948-49F9-ADA1-5A4565F4BA29}
	EndGlobalSection
EndGlobal
